{
  "originHash" : "c961584fa42bfd266d296f43c429dbe83cc6a875254736203a3eea6c05b12b16",
  "pins" : [
    {
      "identity" : "hotkit",
      "kind" : "remoteSourceControl",
      "location" : "https://github.com/aerofel/HOTKit.git",
      "state" : {
        "revision" : "582834a0d1249633f0be38432c487262fb859d18",
        "version" : "1.2.0"
      }
    },
    {
      "identity" : "xmlcoder",
      "kind" : "remoteSourceControl",
      "location" : "https://github.com/CoreOffice/XMLCoder.git",
      "state" : {
        "revision" : "5e1ada828d2618ecb79c974e03f79c8f4df90b71",
        "version" : "0.18.0"
      }
    }
  ],
  "version" : 3
}
