{
  "originHash" : "8dc55c5f914d63143b55816917ad59726f9e8d3b26f0f2774bbfce8e03de11f3",
  "pins" : [
    {
      "identity" : "hotkit",
      "kind" : "remoteSourceControl",
      "location" : "https://github.com/aerofel/HOTKit.git",
      "state" : {
        "revision" : "023aa7ac18cc880f58ed88a91a25eab0eb23ebf6",
        "version" : "1.4.0"
      }
    },
    {
      "identity" : "iossecuritysuite",
      "kind" : "remoteSourceControl",
      "location" : "https://github.com/securing/IOSSecuritySuite.git",
      "state" : {
        "revision" : "7436aea705a6c7ad6013edaaeaf051667cdd4beb",
        "version" : "2.3.0"
      }
    },
    {
      "identity" : "xmlcoder",
      "kind" : "remoteSourceControl",
      "location" : "https://github.com/CoreOffice/XMLCoder.git",
      "state" : {
        "revision" : "42f62383dbcd074440cb1f6a750b9c02df9e7325",
        "version" : "0.18.2"
      }
    }
  ],
  "version" : 3
}
